{
    "version": "0.5",
    "requires": [
        "openjpeg/2.3.1#ada21840f723c5410056aa68f0b23c61%1765835638.220325",
        "catch2/3.11.0#a560b55882ff2deb1f4bafad832a1b98%1763673919.270116"
    ],
    "build_requires": [
        "cmake/3.31.9#f9b9bb4bdfa37937619a33e9218703a6%1761647880.115"
    ],
    "python_requires": [],
    "config_requires": []
}
